
Microsoft Visual Studio Solution File, Format Version 12.00
# Visual Studio Version 17
VisualStudioVersion = 17.14.36221.1 d17.14
MinimumVisualStudioVersion = 10.0.40219.1
Project("{FAE04EC0-301F-11D3-BF4B-00C04F79EFBC}") = "StoreFlow", "StoreFlow\StoreFlow.csproj", "{2962F999-F89E-4F05-AAD7-1CEF1BEBC08F}"
EndProject
Global
	GlobalSection(SolutionConfigurationPlatforms) = preSolution
		Debug|Any CPU = Debug|Any CPU
		Release|Any CPU = Release|Any CPU
	EndGlobalSection
	GlobalSection(ProjectConfigurationPlatforms) = postSolution
		{2962F999-F89E-4F05-AAD7-1CEF1BEBC08F}.Debug|Any CPU.ActiveCfg = Debug|Any CPU
		{2962F999-F89E-4F05-AAD7-1CEF1BEBC08F}.Debug|Any CPU.Build.0 = Debug|Any CPU
		{2962F999-F89E-4F05-AAD7-1CEF1BEBC08F}.Release|Any CPU.ActiveCfg = Release|Any CPU
		{2962F999-F89E-4F05-AAD7-1CEF1BEBC08F}.Release|Any CPU.Build.0 = Release|Any CPU
	EndGlobalSection
	GlobalSection(SolutionProperties) = preSolution
		HideSolutionNode = FALSE
	EndGlobalSection
	GlobalSection(ExtensibilityGlobals) = postSolution
		SolutionGuid = {3C716D15-D087-4B2E-A227-3942400C0E25}
	EndGlobalSection
EndGlobal
